
Microsoft Visual Studio Solution File, Format Version 12.00
# Visual Studio 2013
VisualStudioVersion = 12.0.21005.1
MinimumVisualStudioVersion = 10.0.40219.1
Project("{FAE04EC0-301F-11D3-BF4B-00C04F79EFBC}") = "AceTestHarness", "AceTestHarness\AceTestHarness.csproj", "{3A791286-E252-46E0-B13A-B36EEC2AAC97}"
EndProject
Project("{2150E333-8FDC-42A3-9474-1A3956D46DE8}") = "Modules", "Modules", "{2D933500-58C2-4504-92C8-297257BA00D4}"
EndProject
Project("{FAE04EC0-301F-11D3-BF4B-00C04F79EFBC}") = "WDE", "WDE\WDE.csproj", "{8002A502-B76E-413E-971A-BB3D68863853}"
EndProject
Project("{FAE04EC0-301F-11D3-BF4B-00C04F79EFBC}") = "AWD", "AWD\AWD.csproj", "{7357ABAC-B5F2-4BD6-A5BB-FC579D349005}"
EndProject
Project("{FAE04EC0-301F-11D3-BF4B-00C04F79EFBC}") = "Results", "Results\Results.csproj", "{B117E2B3-0014-446E-A23B-5FF90F55433E}"
EndProject
Project("{FAE04EC0-301F-11D3-BF4B-00C04F79EFBC}") = "Events", "Events\Events.csproj", "{B04150E8-5D63-401B-B0E1-DD6D20C89A09}"
EndProject
Project("{FAE04EC0-301F-11D3-BF4B-00C04F79EFBC}") = "CapitalGroup.MVPVM", "CapitalGroup.MVPVM\CapitalGroup.MVPVM.csproj", "{D9746DFB-6DF0-43C9-BEAA-4AA1B1A31289}"
EndProject
Global
	GlobalSection(SolutionConfigurationPlatforms) = preSolution
		Debug|Any CPU = Debug|Any CPU
		Release|Any CPU = Release|Any CPU
	EndGlobalSection
	GlobalSection(ProjectConfigurationPlatforms) = postSolution
		{3A791286-E252-46E0-B13A-B36EEC2AAC97}.Debug|Any CPU.ActiveCfg = Debug|Any CPU
		{3A791286-E252-46E0-B13A-B36EEC2AAC97}.Debug|Any CPU.Build.0 = Debug|Any CPU
		{3A791286-E252-46E0-B13A-B36EEC2AAC97}.Release|Any CPU.ActiveCfg = Release|Any CPU
		{3A791286-E252-46E0-B13A-B36EEC2AAC97}.Release|Any CPU.Build.0 = Release|Any CPU
		{8002A502-B76E-413E-971A-BB3D68863853}.Debug|Any CPU.ActiveCfg = Debug|Any CPU
		{8002A502-B76E-413E-971A-BB3D68863853}.Debug|Any CPU.Build.0 = Debug|Any CPU
		{8002A502-B76E-413E-971A-BB3D68863853}.Release|Any CPU.ActiveCfg = Release|Any CPU
		{8002A502-B76E-413E-971A-BB3D68863853}.Release|Any CPU.Build.0 = Release|Any CPU
		{7357ABAC-B5F2-4BD6-A5BB-FC579D349005}.Debug|Any CPU.ActiveCfg = Debug|Any CPU
		{7357ABAC-B5F2-4BD6-A5BB-FC579D349005}.Debug|Any CPU.Build.0 = Debug|Any CPU
		{7357ABAC-B5F2-4BD6-A5BB-FC579D349005}.Release|Any CPU.ActiveCfg = Release|Any CPU
		{7357ABAC-B5F2-4BD6-A5BB-FC579D349005}.Release|Any CPU.Build.0 = Release|Any CPU
		{B117E2B3-0014-446E-A23B-5FF90F55433E}.Debug|Any CPU.ActiveCfg = Debug|Any CPU
		{B117E2B3-0014-446E-A23B-5FF90F55433E}.Debug|Any CPU.Build.0 = Debug|Any CPU
		{B117E2B3-0014-446E-A23B-5FF90F55433E}.Release|Any CPU.ActiveCfg = Release|Any CPU
		{B117E2B3-0014-446E-A23B-5FF90F55433E}.Release|Any CPU.Build.0 = Release|Any CPU
		{B04150E8-5D63-401B-B0E1-DD6D20C89A09}.Debug|Any CPU.ActiveCfg = Debug|Any CPU
		{B04150E8-5D63-401B-B0E1-DD6D20C89A09}.Debug|Any CPU.Build.0 = Debug|Any CPU
		{B04150E8-5D63-401B-B0E1-DD6D20C89A09}.Release|Any CPU.ActiveCfg = Release|Any CPU
		{B04150E8-5D63-401B-B0E1-DD6D20C89A09}.Release|Any CPU.Build.0 = Release|Any CPU
		{D9746DFB-6DF0-43C9-BEAA-4AA1B1A31289}.Debug|Any CPU.ActiveCfg = Debug|Any CPU
		{D9746DFB-6DF0-43C9-BEAA-4AA1B1A31289}.Debug|Any CPU.Build.0 = Debug|Any CPU
		{D9746DFB-6DF0-43C9-BEAA-4AA1B1A31289}.Release|Any CPU.ActiveCfg = Release|Any CPU
		{D9746DFB-6DF0-43C9-BEAA-4AA1B1A31289}.Release|Any CPU.Build.0 = Release|Any CPU
	EndGlobalSection
	GlobalSection(SolutionProperties) = preSolution
		HideSolutionNode = FALSE
	EndGlobalSection
	GlobalSection(NestedProjects) = preSolution
		{8002A502-B76E-413E-971A-BB3D68863853} = {2D933500-58C2-4504-92C8-297257BA00D4}
		{7357ABAC-B5F2-4BD6-A5BB-FC579D349005} = {2D933500-58C2-4504-92C8-297257BA00D4}
		{B117E2B3-0014-446E-A23B-5FF90F55433E} = {2D933500-58C2-4504-92C8-297257BA00D4}
	EndGlobalSection
EndGlobal
